
Microsoft Visual Studio Solution File, Format Version 12.00
# Visual Studio Version 17
VisualStudioVersion = 17.0.31903.59
MinimumVisualStudioVersion = 10.0.40219.1
Project("{2150E333-8FDC-42A3-9474-1A3956D46DE8}") = "src", "src", "{827E0CD3-B72D-47B6-A68D-7590B98EB39B}"
EndProject
Project("{2150E333-8FDC-42A3-9474-1A3956D46DE8}") = "Frontend", "Frontend", "{42299874-777B-F2D0-9D08-D24097ABCE7E}"
EndProject
Project("{FAE04EC0-301F-11D3-BF4B-00C04F79EFBC}") = "ExpenseControl", "src\Frontend\ExpenseControl\ExpenseControl.csproj", "{04A4BBB6-7BA9-42BC-A05D-1354B6D9E39F}"
EndProject
Project("{FAE04EC0-301F-11D3-BF4B-00C04F79EFBC}") = "AppHost", "src\AppHost\AppHost.csproj", "{A4769A55-EE56-4A51-B4C7-52B859D93F61}"
EndProject
Project("{FAE04EC0-301F-11D3-BF4B-00C04F79EFBC}") = "ServiceDefaults", "src\BuildingBlocks\ServiceDefaults\ServiceDefaults.csproj", "{E5C63637-D6E6-427F-AC29-D58A470BA7A8}"
EndProject
Project("{FAE04EC0-301F-11D3-BF4B-00C04F79EFBC}") = "Loggers", "src\BuildingBlocks\Loggers\Loggers.csproj", "{995CAEC8-3993-46BF-8382-27CC683469B6}"
EndProject
Project("{FAE04EC0-301F-11D3-BF4B-00C04F79EFBC}") = "CQRS", "src\BuildingBlocks\CQRS\CQRS.csproj", "{179DBE86-D6E1-48E0-B723-7E28F3C2B833}"
EndProject
Project("{FAE04EC0-301F-11D3-BF4B-00C04F79EFBC}") = "Entities", "src\BuildingBlocks\Entities\Entities.csproj", "{BD80561F-6486-41C7-884C-22E45AA07A0A}"
EndProject
Project("{FAE04EC0-301F-11D3-BF4B-00C04F79EFBC}") = "Identity", "src\Services\Identity\Identity.csproj", "{0439BD38-70B0-4426-AA02-89173521C598}"
EndProject
Project("{FAE04EC0-301F-11D3-BF4B-00C04F79EFBC}") = "Notifications", "src\Services\Notifications\Notifications.csproj", "{8F2B85CB-5934-4423-A10B-6666B1ED21DD}"
EndProject
Project("{FAE04EC0-301F-11D3-BF4B-00C04F79EFBC}") = "ExpenseControlApi", "src\Services\ExpenseControlApi\ExpenseControlApi.csproj", "{2F572DCE-1B8B-4639-B9DA-98A30F488AB7}"
EndProject
Global
	GlobalSection(SolutionConfigurationPlatforms) = preSolution
		Debug|Any CPU = Debug|Any CPU
		Debug|x64 = Debug|x64
		Debug|x86 = Debug|x86
		Release|Any CPU = Release|Any CPU
		Release|x64 = Release|x64
		Release|x86 = Release|x86
	EndGlobalSection
	GlobalSection(ProjectConfigurationPlatforms) = postSolution
		{04A4BBB6-7BA9-42BC-A05D-1354B6D9E39F}.Debug|Any CPU.ActiveCfg = Debug|Any CPU
		{04A4BBB6-7BA9-42BC-A05D-1354B6D9E39F}.Debug|Any CPU.Build.0 = Debug|Any CPU
		{04A4BBB6-7BA9-42BC-A05D-1354B6D9E39F}.Debug|x64.ActiveCfg = Debug|Any CPU
		{04A4BBB6-7BA9-42BC-A05D-1354B6D9E39F}.Debug|x64.Build.0 = Debug|Any CPU
		{04A4BBB6-7BA9-42BC-A05D-1354B6D9E39F}.Debug|x86.ActiveCfg = Debug|Any CPU
		{04A4BBB6-7BA9-42BC-A05D-1354B6D9E39F}.Debug|x86.Build.0 = Debug|Any CPU
		{04A4BBB6-7BA9-42BC-A05D-1354B6D9E39F}.Release|Any CPU.ActiveCfg = Release|Any CPU
		{04A4BBB6-7BA9-42BC-A05D-1354B6D9E39F}.Release|Any CPU.Build.0 = Release|Any CPU
		{04A4BBB6-7BA9-42BC-A05D-1354B6D9E39F}.Release|x64.ActiveCfg = Release|Any CPU
		{04A4BBB6-7BA9-42BC-A05D-1354B6D9E39F}.Release|x64.Build.0 = Release|Any CPU
		{04A4BBB6-7BA9-42BC-A05D-1354B6D9E39F}.Release|x86.ActiveCfg = Release|Any CPU
		{04A4BBB6-7BA9-42BC-A05D-1354B6D9E39F}.Release|x86.Build.0 = Release|Any CPU
		{A4769A55-EE56-4A51-B4C7-52B859D93F61}.Debug|Any CPU.ActiveCfg = Debug|Any CPU
		{A4769A55-EE56-4A51-B4C7-52B859D93F61}.Debug|Any CPU.Build.0 = Debug|Any CPU
		{A4769A55-EE56-4A51-B4C7-52B859D93F61}.Debug|x64.ActiveCfg = Debug|Any CPU
		{A4769A55-EE56-4A51-B4C7-52B859D93F61}.Debug|x64.Build.0 = Debug|Any CPU
		{A4769A55-EE56-4A51-B4C7-52B859D93F61}.Debug|x86.ActiveCfg = Debug|Any CPU
		{A4769A55-EE56-4A51-B4C7-52B859D93F61}.Debug|x86.Build.0 = Debug|Any CPU
		{A4769A55-EE56-4A51-B4C7-52B859D93F61}.Release|Any CPU.ActiveCfg = Release|Any CPU
		{A4769A55-EE56-4A51-B4C7-52B859D93F61}.Release|Any CPU.Build.0 = Release|Any CPU
		{A4769A55-EE56-4A51-B4C7-52B859D93F61}.Release|x64.ActiveCfg = Release|Any CPU
		{A4769A55-EE56-4A51-B4C7-52B859D93F61}.Release|x64.Build.0 = Release|Any CPU
		{A4769A55-EE56-4A51-B4C7-52B859D93F61}.Release|x86.ActiveCfg = Release|Any CPU
		{A4769A55-EE56-4A51-B4C7-52B859D93F61}.Release|x86.Build.0 = Release|Any CPU
		{E5C63637-D6E6-427F-AC29-D58A470BA7A8}.Debug|Any CPU.ActiveCfg = Debug|Any CPU
		{E5C63637-D6E6-427F-AC29-D58A470BA7A8}.Debug|Any CPU.Build.0 = Debug|Any CPU
		{E5C63637-D6E6-427F-AC29-D58A470BA7A8}.Debug|x64.ActiveCfg = Debug|Any CPU
		{E5C63637-D6E6-427F-AC29-D58A470BA7A8}.Debug|x64.Build.0 = Debug|Any CPU
		{E5C63637-D6E6-427F-AC29-D58A470BA7A8}.Debug|x86.ActiveCfg = Debug|Any CPU
		{E5C63637-D6E6-427F-AC29-D58A470BA7A8}.Debug|x86.Build.0 = Debug|Any CPU
		{E5C63637-D6E6-427F-AC29-D58A470BA7A8}.Release|Any CPU.ActiveCfg = Release|Any CPU
		{E5C63637-D6E6-427F-AC29-D58A470BA7A8}.Release|Any CPU.Build.0 = Release|Any CPU
		{E5C63637-D6E6-427F-AC29-D58A470BA7A8}.Release|x64.ActiveCfg = Release|Any CPU
		{E5C63637-D6E6-427F-AC29-D58A470BA7A8}.Release|x64.Build.0 = Release|Any CPU
		{E5C63637-D6E6-427F-AC29-D58A470BA7A8}.Release|x86.ActiveCfg = Release|Any CPU
		{E5C63637-D6E6-427F-AC29-D58A470BA7A8}.Release|x86.Build.0 = Release|Any CPU
		{995CAEC8-3993-46BF-8382-27CC683469B6}.Debug|Any CPU.ActiveCfg = Debug|Any CPU
		{995CAEC8-3993-46BF-8382-27CC683469B6}.Debug|Any CPU.Build.0 = Debug|Any CPU
		{995CAEC8-3993-46BF-8382-27CC683469B6}.Debug|x64.ActiveCfg = Debug|Any CPU
		{995CAEC8-3993-46BF-8382-27CC683469B6}.Debug|x64.Build.0 = Debug|Any CPU
		{995CAEC8-3993-46BF-8382-27CC683469B6}.Debug|x86.ActiveCfg = Debug|Any CPU
		{995CAEC8-3993-46BF-8382-27CC683469B6}.Debug|x86.Build.0 = Debug|Any CPU
		{995CAEC8-3993-46BF-8382-27CC683469B6}.Release|Any CPU.ActiveCfg = Release|Any CPU
		{995CAEC8-3993-46BF-8382-27CC683469B6}.Release|Any CPU.Build.0 = Release|Any CPU
		{995CAEC8-3993-46BF-8382-27CC683469B6}.Release|x64.ActiveCfg = Release|Any CPU
		{995CAEC8-3993-46BF-8382-27CC683469B6}.Release|x64.Build.0 = Release|Any CPU
		{995CAEC8-3993-46BF-8382-27CC683469B6}.Release|x86.ActiveCfg = Release|Any CPU
		{995CAEC8-3993-46BF-8382-27CC683469B6}.Release|x86.Build.0 = Release|Any CPU
		{179DBE86-D6E1-48E0-B723-7E28F3C2B833}.Debug|Any CPU.ActiveCfg = Debug|Any CPU
		{179DBE86-D6E1-48E0-B723-7E28F3C2B833}.Debug|Any CPU.Build.0 = Debug|Any CPU
		{179DBE86-D6E1-48E0-B723-7E28F3C2B833}.Debug|x64.ActiveCfg = Debug|Any CPU
		{179DBE86-D6E1-48E0-B723-7E28F3C2B833}.Debug|x64.Build.0 = Debug|Any CPU
		{179DBE86-D6E1-48E0-B723-7E28F3C2B833}.Debug|x86.ActiveCfg = Debug|Any CPU
		{179DBE86-D6E1-48E0-B723-7E28F3C2B833}.Debug|x86.Build.0 = Debug|Any CPU
		{179DBE86-D6E1-48E0-B723-7E28F3C2B833}.Release|Any CPU.ActiveCfg = Release|Any CPU
		{179DBE86-D6E1-48E0-B723-7E28F3C2B833}.Release|Any CPU.Build.0 = Release|Any CPU
		{179DBE86-D6E1-48E0-B723-7E28F3C2B833}.Release|x64.ActiveCfg = Release|Any CPU
		{179DBE86-D6E1-48E0-B723-7E28F3C2B833}.Release|x64.Build.0 = Release|Any CPU
		{179DBE86-D6E1-48E0-B723-7E28F3C2B833}.Release|x86.ActiveCfg = Release|Any CPU
		{179DBE86-D6E1-48E0-B723-7E28F3C2B833}.Release|x86.Build.0 = Release|Any CPU
		{BD80561F-6486-41C7-884C-22E45AA07A0A}.Debug|Any CPU.ActiveCfg = Debug|Any CPU
		{BD80561F-6486-41C7-884C-22E45AA07A0A}.Debug|Any CPU.Build.0 = Debug|Any CPU
		{BD80561F-6486-41C7-884C-22E45AA07A0A}.Debug|x64.ActiveCfg = Debug|Any CPU
		{BD80561F-6486-41C7-884C-22E45AA07A0A}.Debug|x64.Build.0 = Debug|Any CPU
		{BD80561F-6486-41C7-884C-22E45AA07A0A}.Debug|x86.ActiveCfg = Debug|Any CPU
		{BD80561F-6486-41C7-884C-22E45AA07A0A}.Debug|x86.Build.0 = Debug|Any CPU
		{BD80561F-6486-41C7-884C-22E45AA07A0A}.Release|Any CPU.ActiveCfg = Release|Any CPU
		{BD80561F-6486-41C7-884C-22E45AA07A0A}.Release|Any CPU.Build.0 = Release|Any CPU
		{BD80561F-6486-41C7-884C-22E45AA07A0A}.Release|x64.ActiveCfg = Release|Any CPU
		{BD80561F-6486-41C7-884C-22E45AA07A0A}.Release|x64.Build.0 = Release|Any CPU
		{BD80561F-6486-41C7-884C-22E45AA07A0A}.Release|x86.ActiveCfg = Release|Any CPU
		{BD80561F-6486-41C7-884C-22E45AA07A0A}.Release|x86.Build.0 = Release|Any CPU
		{0439BD38-70B0-4426-AA02-89173521C598}.Debug|Any CPU.ActiveCfg = Debug|Any CPU
		{0439BD38-70B0-4426-AA02-89173521C598}.Debug|Any CPU.Build.0 = Debug|Any CPU
		{0439BD38-70B0-4426-AA02-89173521C598}.Debug|x64.ActiveCfg = Debug|Any CPU
		{0439BD38-70B0-4426-AA02-89173521C598}.Debug|x64.Build.0 = Debug|Any CPU
		{0439BD38-70B0-4426-AA02-89173521C598}.Debug|x86.ActiveCfg = Debug|Any CPU
		{0439BD38-70B0-4426-AA02-89173521C598}.Debug|x86.Build.0 = Debug|Any CPU
		{0439BD38-70B0-4426-AA02-89173521C598}.Release|Any CPU.ActiveCfg = Release|Any CPU
		{0439BD38-70B0-4426-AA02-89173521C598}.Release|Any CPU.Build.0 = Release|Any CPU
		{0439BD38-70B0-4426-AA02-89173521C598}.Release|x64.ActiveCfg = Release|Any CPU
		{0439BD38-70B0-4426-AA02-89173521C598}.Release|x64.Build.0 = Release|Any CPU
		{0439BD38-70B0-4426-AA02-89173521C598}.Release|x86.ActiveCfg = Release|Any CPU
		{0439BD38-70B0-4426-AA02-89173521C598}.Release|x86.Build.0 = Release|Any CPU
		{8F2B85CB-5934-4423-A10B-6666B1ED21DD}.Debug|Any CPU.ActiveCfg = Debug|Any CPU
		{8F2B85CB-5934-4423-A10B-6666B1ED21DD}.Debug|Any CPU.Build.0 = Debug|Any CPU
		{8F2B85CB-5934-4423-A10B-6666B1ED21DD}.Debug|x64.ActiveCfg = Debug|Any CPU
		{8F2B85CB-5934-4423-A10B-6666B1ED21DD}.Debug|x64.Build.0 = Debug|Any CPU
		{8F2B85CB-5934-4423-A10B-6666B1ED21DD}.Debug|x86.ActiveCfg = Debug|Any CPU
		{8F2B85CB-5934-4423-A10B-6666B1ED21DD}.Debug|x86.Build.0 = Debug|Any CPU
		{8F2B85CB-5934-4423-A10B-6666B1ED21DD}.Release|Any CPU.ActiveCfg = Release|Any CPU
		{8F2B85CB-5934-4423-A10B-6666B1ED21DD}.Release|Any CPU.Build.0 = Release|Any CPU
		{8F2B85CB-5934-4423-A10B-6666B1ED21DD}.Release|x64.ActiveCfg = Release|Any CPU
		{8F2B85CB-5934-4423-A10B-6666B1ED21DD}.Release|x64.Build.0 = Release|Any CPU
		{8F2B85CB-5934-4423-A10B-6666B1ED21DD}.Release|x86.ActiveCfg = Release|Any CPU
		{8F2B85CB-5934-4423-A10B-6666B1ED21DD}.Release|x86.Build.0 = Release|Any CPU
		{2F572DCE-1B8B-4639-B9DA-98A30F488AB7}.Debug|Any CPU.ActiveCfg = Debug|Any CPU
		{2F572DCE-1B8B-4639-B9DA-98A30F488AB7}.Debug|Any CPU.Build.0 = Debug|Any CPU
		{2F572DCE-1B8B-4639-B9DA-98A30F488AB7}.Debug|x64.ActiveCfg = Debug|Any CPU
		{2F572DCE-1B8B-4639-B9DA-98A30F488AB7}.Debug|x64.Build.0 = Debug|Any CPU
		{2F572DCE-1B8B-4639-B9DA-98A30F488AB7}.Debug|x86.ActiveCfg = Debug|Any CPU
		{2F572DCE-1B8B-4639-B9DA-98A30F488AB7}.Debug|x86.Build.0 = Debug|Any CPU
		{2F572DCE-1B8B-4639-B9DA-98A30F488AB7}.Release|Any CPU.ActiveCfg = Release|Any CPU
		{2F572DCE-1B8B-4639-B9DA-98A30F488AB7}.Release|Any CPU.Build.0 = Release|Any CPU
		{2F572DCE-1B8B-4639-B9DA-98A30F488AB7}.Release|x64.ActiveCfg = Release|Any CPU
		{2F572DCE-1B8B-4639-B9DA-98A30F488AB7}.Release|x64.Build.0 = Release|Any CPU
		{2F572DCE-1B8B-4639-B9DA-98A30F488AB7}.Release|x86.ActiveCfg = Release|Any CPU
		{2F572DCE-1B8B-4639-B9DA-98A30F488AB7}.Release|x86.Build.0 = Release|Any CPU
	EndGlobalSection
	GlobalSection(SolutionProperties) = preSolution
		HideSolutionNode = FALSE
	EndGlobalSection
	GlobalSection(NestedProjects) = preSolution
		{42299874-777B-F2D0-9D08-D24097ABCE7E} = {827E0CD3-B72D-47B6-A68D-7590B98EB39B}
		{04A4BBB6-7BA9-42BC-A05D-1354B6D9E39F} = {42299874-777B-F2D0-9D08-D24097ABCE7E}
		{BD80561F-6486-41C7-884C-22E45AA07A0A} = {42299874-777B-F2D0-9D08-D24097ABCE7E}
		{0439BD38-70B0-4426-AA02-89173521C598} = {42299874-777B-F2D0-9D08-D24097ABCE7E}
		{8F2B85CB-5934-4423-A10B-6666B1ED21DD} = {42299874-777B-F2D0-9D08-D24097ABCE7E}
		{2F572DCE-1B8B-4639-B9DA-98A30F488AB7} = {42299874-777B-F2D0-9D08-D24097ABCE7E}
	EndGlobalSection
EndGlobal
