
Microsoft Visual Studio Solution File, Format Version 12.00
# Visual Studio Version 17
VisualStudioVersion = 17.0.31903.59
MinimumVisualStudioVersion = 10.0.40219.1
Project("{2150E333-8FDC-42A3-9474-1A3956D46DE8}") = "src", "src", "{827E0CD3-B72D-47B6-A68D-7590B98EB39B}"
EndProject
Project("{2150E333-8FDC-42A3-9474-1A3956D46DE8}") = "Frontend", "Frontend", "{42299874-777B-F2D0-9D08-D24097ABCE7E}"
EndProject
Project("{FAE04EC0-301F-11D3-BF4B-00C04F79EFBC}") = "ExpenseControl", "src\Frontend\ExpenseControl\ExpenseControl.csproj", "{13E2F80C-1880-499D-95B4-0A41C5E32593}"
EndProject
Project("{FAE04EC0-301F-11D3-BF4B-00C04F79EFBC}") = "Identity", "src\Services\Identity\Identity.csproj", "{7114E4B1-276A-4A53-B6B0-8A1ECD12BE51}"
EndProject
Project("{FAE04EC0-301F-11D3-BF4B-00C04F79EFBC}") = "ExpenseControlApi", "src\Services\ExpenseControlApi\ExpenseControlApi.csproj", "{7796A9BF-72BC-4B49-ADA9-C4983FA12F4E}"
EndProject
Project("{FAE04EC0-301F-11D3-BF4B-00C04F79EFBC}") = "Notifications", "src\Services\Notifications\Notifications.csproj", "{15C411E2-F427-4A25-BEC5-DD9EEE7F9214}"
EndProject
Project("{FAE04EC0-301F-11D3-BF4B-00C04F79EFBC}") = "AppHost", "src\AppHost\AppHost.csproj", "{FF5D1DCD-63F3-4F8A-86FE-720B32C42392}"
EndProject
Project("{FAE04EC0-301F-11D3-BF4B-00C04F79EFBC}") = "ServiceDefaults", "src\BuildingBlocks\ServiceDefaults\ServiceDefaults.csproj", "{5BF0FE43-9635-46AE-A279-603F732DB26F}"
EndProject
Project("{FAE04EC0-301F-11D3-BF4B-00C04F79EFBC}") = "Loggers", "src\BuildingBlocks\Loggers\Loggers.csproj", "{F64BC8FC-0F91-461F-8529-3264B1E46E53}"
EndProject
Project("{FAE04EC0-301F-11D3-BF4B-00C04F79EFBC}") = "Entities", "src\BuildingBlocks\Entities\Entities.csproj", "{22841801-09AA-4B55-8588-3996684138B7}"
EndProject
Project("{FAE04EC0-301F-11D3-BF4B-00C04F79EFBC}") = "CQRS", "src\BuildingBlocks\CQRS\CQRS.csproj", "{FF03F643-C9D5-4115-868C-FB47FFE59096}"
EndProject
Global
	GlobalSection(SolutionConfigurationPlatforms) = preSolution
		Debug|Any CPU = Debug|Any CPU
		Debug|x64 = Debug|x64
		Debug|x86 = Debug|x86
		Release|Any CPU = Release|Any CPU
		Release|x64 = Release|x64
		Release|x86 = Release|x86
	EndGlobalSection
	GlobalSection(ProjectConfigurationPlatforms) = postSolution
		{13E2F80C-1880-499D-95B4-0A41C5E32593}.Debug|Any CPU.ActiveCfg = Debug|Any CPU
		{13E2F80C-1880-499D-95B4-0A41C5E32593}.Debug|Any CPU.Build.0 = Debug|Any CPU
		{13E2F80C-1880-499D-95B4-0A41C5E32593}.Debug|x64.ActiveCfg = Debug|Any CPU
		{13E2F80C-1880-499D-95B4-0A41C5E32593}.Debug|x64.Build.0 = Debug|Any CPU
		{13E2F80C-1880-499D-95B4-0A41C5E32593}.Debug|x86.ActiveCfg = Debug|Any CPU
		{13E2F80C-1880-499D-95B4-0A41C5E32593}.Debug|x86.Build.0 = Debug|Any CPU
		{13E2F80C-1880-499D-95B4-0A41C5E32593}.Release|Any CPU.ActiveCfg = Release|Any CPU
		{13E2F80C-1880-499D-95B4-0A41C5E32593}.Release|Any CPU.Build.0 = Release|Any CPU
		{13E2F80C-1880-499D-95B4-0A41C5E32593}.Release|x64.ActiveCfg = Release|Any CPU
		{13E2F80C-1880-499D-95B4-0A41C5E32593}.Release|x64.Build.0 = Release|Any CPU
		{13E2F80C-1880-499D-95B4-0A41C5E32593}.Release|x86.ActiveCfg = Release|Any CPU
		{13E2F80C-1880-499D-95B4-0A41C5E32593}.Release|x86.Build.0 = Release|Any CPU
		{7114E4B1-276A-4A53-B6B0-8A1ECD12BE51}.Debug|Any CPU.ActiveCfg = Debug|Any CPU
		{7114E4B1-276A-4A53-B6B0-8A1ECD12BE51}.Debug|Any CPU.Build.0 = Debug|Any CPU
		{7114E4B1-276A-4A53-B6B0-8A1ECD12BE51}.Debug|x64.ActiveCfg = Debug|Any CPU
		{7114E4B1-276A-4A53-B6B0-8A1ECD12BE51}.Debug|x64.Build.0 = Debug|Any CPU
		{7114E4B1-276A-4A53-B6B0-8A1ECD12BE51}.Debug|x86.ActiveCfg = Debug|Any CPU
		{7114E4B1-276A-4A53-B6B0-8A1ECD12BE51}.Debug|x86.Build.0 = Debug|Any CPU
		{7114E4B1-276A-4A53-B6B0-8A1ECD12BE51}.Release|Any CPU.ActiveCfg = Release|Any CPU
		{7114E4B1-276A-4A53-B6B0-8A1ECD12BE51}.Release|Any CPU.Build.0 = Release|Any CPU
		{7114E4B1-276A-4A53-B6B0-8A1ECD12BE51}.Release|x64.ActiveCfg = Release|Any CPU
		{7114E4B1-276A-4A53-B6B0-8A1ECD12BE51}.Release|x64.Build.0 = Release|Any CPU
		{7114E4B1-276A-4A53-B6B0-8A1ECD12BE51}.Release|x86.ActiveCfg = Release|Any CPU
		{7114E4B1-276A-4A53-B6B0-8A1ECD12BE51}.Release|x86.Build.0 = Release|Any CPU
		{7796A9BF-72BC-4B49-ADA9-C4983FA12F4E}.Debug|Any CPU.ActiveCfg = Debug|Any CPU
		{7796A9BF-72BC-4B49-ADA9-C4983FA12F4E}.Debug|Any CPU.Build.0 = Debug|Any CPU
		{7796A9BF-72BC-4B49-ADA9-C4983FA12F4E}.Debug|x64.ActiveCfg = Debug|Any CPU
		{7796A9BF-72BC-4B49-ADA9-C4983FA12F4E}.Debug|x64.Build.0 = Debug|Any CPU
		{7796A9BF-72BC-4B49-ADA9-C4983FA12F4E}.Debug|x86.ActiveCfg = Debug|Any CPU
		{7796A9BF-72BC-4B49-ADA9-C4983FA12F4E}.Debug|x86.Build.0 = Debug|Any CPU
		{7796A9BF-72BC-4B49-ADA9-C4983FA12F4E}.Release|Any CPU.ActiveCfg = Release|Any CPU
		{7796A9BF-72BC-4B49-ADA9-C4983FA12F4E}.Release|Any CPU.Build.0 = Release|Any CPU
		{7796A9BF-72BC-4B49-ADA9-C4983FA12F4E}.Release|x64.ActiveCfg = Release|Any CPU
		{7796A9BF-72BC-4B49-ADA9-C4983FA12F4E}.Release|x64.Build.0 = Release|Any CPU
		{7796A9BF-72BC-4B49-ADA9-C4983FA12F4E}.Release|x86.ActiveCfg = Release|Any CPU
		{7796A9BF-72BC-4B49-ADA9-C4983FA12F4E}.Release|x86.Build.0 = Release|Any CPU
		{15C411E2-F427-4A25-BEC5-DD9EEE7F9214}.Debug|Any CPU.ActiveCfg = Debug|Any CPU
		{15C411E2-F427-4A25-BEC5-DD9EEE7F9214}.Debug|Any CPU.Build.0 = Debug|Any CPU
		{15C411E2-F427-4A25-BEC5-DD9EEE7F9214}.Debug|x64.ActiveCfg = Debug|Any CPU
		{15C411E2-F427-4A25-BEC5-DD9EEE7F9214}.Debug|x64.Build.0 = Debug|Any CPU
		{15C411E2-F427-4A25-BEC5-DD9EEE7F9214}.Debug|x86.ActiveCfg = Debug|Any CPU
		{15C411E2-F427-4A25-BEC5-DD9EEE7F9214}.Debug|x86.Build.0 = Debug|Any CPU
		{15C411E2-F427-4A25-BEC5-DD9EEE7F9214}.Release|Any CPU.ActiveCfg = Release|Any CPU
		{15C411E2-F427-4A25-BEC5-DD9EEE7F9214}.Release|Any CPU.Build.0 = Release|Any CPU
		{15C411E2-F427-4A25-BEC5-DD9EEE7F9214}.Release|x64.ActiveCfg = Release|Any CPU
		{15C411E2-F427-4A25-BEC5-DD9EEE7F9214}.Release|x64.Build.0 = Release|Any CPU
		{15C411E2-F427-4A25-BEC5-DD9EEE7F9214}.Release|x86.ActiveCfg = Release|Any CPU
		{15C411E2-F427-4A25-BEC5-DD9EEE7F9214}.Release|x86.Build.0 = Release|Any CPU
		{FF5D1DCD-63F3-4F8A-86FE-720B32C42392}.Debug|Any CPU.ActiveCfg = Debug|Any CPU
		{FF5D1DCD-63F3-4F8A-86FE-720B32C42392}.Debug|Any CPU.Build.0 = Debug|Any CPU
		{FF5D1DCD-63F3-4F8A-86FE-720B32C42392}.Debug|x64.ActiveCfg = Debug|Any CPU
		{FF5D1DCD-63F3-4F8A-86FE-720B32C42392}.Debug|x64.Build.0 = Debug|Any CPU
		{FF5D1DCD-63F3-4F8A-86FE-720B32C42392}.Debug|x86.ActiveCfg = Debug|Any CPU
		{FF5D1DCD-63F3-4F8A-86FE-720B32C42392}.Debug|x86.Build.0 = Debug|Any CPU
		{FF5D1DCD-63F3-4F8A-86FE-720B32C42392}.Release|Any CPU.ActiveCfg = Release|Any CPU
		{FF5D1DCD-63F3-4F8A-86FE-720B32C42392}.Release|Any CPU.Build.0 = Release|Any CPU
		{FF5D1DCD-63F3-4F8A-86FE-720B32C42392}.Release|x64.ActiveCfg = Release|Any CPU
		{FF5D1DCD-63F3-4F8A-86FE-720B32C42392}.Release|x64.Build.0 = Release|Any CPU
		{FF5D1DCD-63F3-4F8A-86FE-720B32C42392}.Release|x86.ActiveCfg = Release|Any CPU
		{FF5D1DCD-63F3-4F8A-86FE-720B32C42392}.Release|x86.Build.0 = Release|Any CPU
		{5BF0FE43-9635-46AE-A279-603F732DB26F}.Debug|Any CPU.ActiveCfg = Debug|Any CPU
		{5BF0FE43-9635-46AE-A279-603F732DB26F}.Debug|Any CPU.Build.0 = Debug|Any CPU
		{5BF0FE43-9635-46AE-A279-603F732DB26F}.Debug|x64.ActiveCfg = Debug|Any CPU
		{5BF0FE43-9635-46AE-A279-603F732DB26F}.Debug|x64.Build.0 = Debug|Any CPU
		{5BF0FE43-9635-46AE-A279-603F732DB26F}.Debug|x86.ActiveCfg = Debug|Any CPU
		{5BF0FE43-9635-46AE-A279-603F732DB26F}.Debug|x86.Build.0 = Debug|Any CPU
		{5BF0FE43-9635-46AE-A279-603F732DB26F}.Release|Any CPU.ActiveCfg = Release|Any CPU
		{5BF0FE43-9635-46AE-A279-603F732DB26F}.Release|Any CPU.Build.0 = Release|Any CPU
		{5BF0FE43-9635-46AE-A279-603F732DB26F}.Release|x64.ActiveCfg = Release|Any CPU
		{5BF0FE43-9635-46AE-A279-603F732DB26F}.Release|x64.Build.0 = Release|Any CPU
		{5BF0FE43-9635-46AE-A279-603F732DB26F}.Release|x86.ActiveCfg = Release|Any CPU
		{5BF0FE43-9635-46AE-A279-603F732DB26F}.Release|x86.Build.0 = Release|Any CPU
		{F64BC8FC-0F91-461F-8529-3264B1E46E53}.Debug|Any CPU.ActiveCfg = Debug|Any CPU
		{F64BC8FC-0F91-461F-8529-3264B1E46E53}.Debug|Any CPU.Build.0 = Debug|Any CPU
		{F64BC8FC-0F91-461F-8529-3264B1E46E53}.Debug|x64.ActiveCfg = Debug|Any CPU
		{F64BC8FC-0F91-461F-8529-3264B1E46E53}.Debug|x64.Build.0 = Debug|Any CPU
		{F64BC8FC-0F91-461F-8529-3264B1E46E53}.Debug|x86.ActiveCfg = Debug|Any CPU
		{F64BC8FC-0F91-461F-8529-3264B1E46E53}.Debug|x86.Build.0 = Debug|Any CPU
		{F64BC8FC-0F91-461F-8529-3264B1E46E53}.Release|Any CPU.ActiveCfg = Release|Any CPU
		{F64BC8FC-0F91-461F-8529-3264B1E46E53}.Release|Any CPU.Build.0 = Release|Any CPU
		{F64BC8FC-0F91-461F-8529-3264B1E46E53}.Release|x64.ActiveCfg = Release|Any CPU
		{F64BC8FC-0F91-461F-8529-3264B1E46E53}.Release|x64.Build.0 = Release|Any CPU
		{F64BC8FC-0F91-461F-8529-3264B1E46E53}.Release|x86.ActiveCfg = Release|Any CPU
		{F64BC8FC-0F91-461F-8529-3264B1E46E53}.Release|x86.Build.0 = Release|Any CPU
		{22841801-09AA-4B55-8588-3996684138B7}.Debug|Any CPU.ActiveCfg = Debug|Any CPU
		{22841801-09AA-4B55-8588-3996684138B7}.Debug|Any CPU.Build.0 = Debug|Any CPU
		{22841801-09AA-4B55-8588-3996684138B7}.Debug|x64.ActiveCfg = Debug|Any CPU
		{22841801-09AA-4B55-8588-3996684138B7}.Debug|x64.Build.0 = Debug|Any CPU
		{22841801-09AA-4B55-8588-3996684138B7}.Debug|x86.ActiveCfg = Debug|Any CPU
		{22841801-09AA-4B55-8588-3996684138B7}.Debug|x86.Build.0 = Debug|Any CPU
		{22841801-09AA-4B55-8588-3996684138B7}.Release|Any CPU.ActiveCfg = Release|Any CPU
		{22841801-09AA-4B55-8588-3996684138B7}.Release|Any CPU.Build.0 = Release|Any CPU
		{22841801-09AA-4B55-8588-3996684138B7}.Release|x64.ActiveCfg = Release|Any CPU
		{22841801-09AA-4B55-8588-3996684138B7}.Release|x64.Build.0 = Release|Any CPU
		{22841801-09AA-4B55-8588-3996684138B7}.Release|x86.ActiveCfg = Release|Any CPU
		{22841801-09AA-4B55-8588-3996684138B7}.Release|x86.Build.0 = Release|Any CPU
		{FF03F643-C9D5-4115-868C-FB47FFE59096}.Debug|Any CPU.ActiveCfg = Debug|Any CPU
		{FF03F643-C9D5-4115-868C-FB47FFE59096}.Debug|Any CPU.Build.0 = Debug|Any CPU
		{FF03F643-C9D5-4115-868C-FB47FFE59096}.Debug|x64.ActiveCfg = Debug|Any CPU
		{FF03F643-C9D5-4115-868C-FB47FFE59096}.Debug|x64.Build.0 = Debug|Any CPU
		{FF03F643-C9D5-4115-868C-FB47FFE59096}.Debug|x86.ActiveCfg = Debug|Any CPU
		{FF03F643-C9D5-4115-868C-FB47FFE59096}.Debug|x86.Build.0 = Debug|Any CPU
		{FF03F643-C9D5-4115-868C-FB47FFE59096}.Release|Any CPU.ActiveCfg = Release|Any CPU
		{FF03F643-C9D5-4115-868C-FB47FFE59096}.Release|Any CPU.Build.0 = Release|Any CPU
		{FF03F643-C9D5-4115-868C-FB47FFE59096}.Release|x64.ActiveCfg = Release|Any CPU
		{FF03F643-C9D5-4115-868C-FB47FFE59096}.Release|x64.Build.0 = Release|Any CPU
		{FF03F643-C9D5-4115-868C-FB47FFE59096}.Release|x86.ActiveCfg = Release|Any CPU
		{FF03F643-C9D5-4115-868C-FB47FFE59096}.Release|x86.Build.0 = Release|Any CPU
	EndGlobalSection
	GlobalSection(SolutionProperties) = preSolution
		HideSolutionNode = FALSE
	EndGlobalSection
	GlobalSection(NestedProjects) = preSolution
		{42299874-777B-F2D0-9D08-D24097ABCE7E} = {827E0CD3-B72D-47B6-A68D-7590B98EB39B}
		{13E2F80C-1880-499D-95B4-0A41C5E32593} = {42299874-777B-F2D0-9D08-D24097ABCE7E}
		{7114E4B1-276A-4A53-B6B0-8A1ECD12BE51} = {42299874-777B-F2D0-9D08-D24097ABCE7E}
		{7796A9BF-72BC-4B49-ADA9-C4983FA12F4E} = {42299874-777B-F2D0-9D08-D24097ABCE7E}
		{15C411E2-F427-4A25-BEC5-DD9EEE7F9214} = {42299874-777B-F2D0-9D08-D24097ABCE7E}
		{FF5D1DCD-63F3-4F8A-86FE-720B32C42392} = {42299874-777B-F2D0-9D08-D24097ABCE7E}
		{5BF0FE43-9635-46AE-A279-603F732DB26F} = {42299874-777B-F2D0-9D08-D24097ABCE7E}
		{F64BC8FC-0F91-461F-8529-3264B1E46E53} = {42299874-777B-F2D0-9D08-D24097ABCE7E}
		{22841801-09AA-4B55-8588-3996684138B7} = {42299874-777B-F2D0-9D08-D24097ABCE7E}
		{FF03F643-C9D5-4115-868C-FB47FFE59096} = {42299874-777B-F2D0-9D08-D24097ABCE7E}
	EndGlobalSection
EndGlobal
