
Microsoft Visual Studio Solution File, Format Version 12.00
# Visual Studio Version 17
VisualStudioVersion = 17.0.31903.59
MinimumVisualStudioVersion = 10.0.40219.1
Project("{2150E333-8FDC-42A3-9474-1A3956D46DE8}") = "src", "src", "{827E0CD3-B72D-47B6-A68D-7590B98EB39B}"
EndProject
Project("{2150E333-8FDC-42A3-9474-1A3956D46DE8}") = "Services", "Services", "{984BB9B3-3FA3-BE33-9484-CAC21695A33C}"
EndProject
Project("{FAE04EC0-301F-11D3-BF4B-00C04F79EFBC}") = "Identity", "src\Services\Identity\Identity.csproj", "{994DBB6A-5AA8-47D0-BB2A-63470232C9AC}"
EndProject
Project("{FAE04EC0-301F-11D3-BF4B-00C04F79EFBC}") = "ExpenseControlApi", "src\Services\ExpenseControlApi\ExpenseControlApi.csproj", "{FE05DFA6-7F98-4764-87BB-337F9909182B}"
EndProject
Project("{FAE04EC0-301F-11D3-BF4B-00C04F79EFBC}") = "Notifications", "src\Services\Notifications\Notifications.csproj", "{17D3B227-BC29-4188-8F7E-05A01240E31B}"
EndProject
Project("{FAE04EC0-301F-11D3-BF4B-00C04F79EFBC}") = "AppHost", "src\AppHost\AppHost.csproj", "{0A8D8E58-1DF4-40F1-9975-17EDA7127032}"
EndProject
Project("{FAE04EC0-301F-11D3-BF4B-00C04F79EFBC}") = "ServiceDefaults", "src\BuildingBlocks\ServiceDefaults\ServiceDefaults.csproj", "{C62A5100-1EDE-4667-B2BA-9730910B4F42}"
EndProject
Project("{FAE04EC0-301F-11D3-BF4B-00C04F79EFBC}") = "Loggers", "src\BuildingBlocks\Loggers\Loggers.csproj", "{E66DA385-4613-4016-945F-4597E0A093E2}"
EndProject
Project("{FAE04EC0-301F-11D3-BF4B-00C04F79EFBC}") = "Entities", "src\BuildingBlocks\Entities\Entities.csproj", "{470A043F-32DE-4BE8-B887-CA788E8FB7AD}"
EndProject
Project("{FAE04EC0-301F-11D3-BF4B-00C04F79EFBC}") = "CQRS", "src\BuildingBlocks\CQRS\CQRS.csproj", "{A862A699-3F86-4543-8D0D-9699EAF0D1A8}"
EndProject
Global
	GlobalSection(SolutionConfigurationPlatforms) = preSolution
		Debug|Any CPU = Debug|Any CPU
		Debug|x64 = Debug|x64
		Debug|x86 = Debug|x86
		Release|Any CPU = Release|Any CPU
		Release|x64 = Release|x64
		Release|x86 = Release|x86
	EndGlobalSection
	GlobalSection(ProjectConfigurationPlatforms) = postSolution
		{994DBB6A-5AA8-47D0-BB2A-63470232C9AC}.Debug|Any CPU.ActiveCfg = Debug|Any CPU
		{994DBB6A-5AA8-47D0-BB2A-63470232C9AC}.Debug|Any CPU.Build.0 = Debug|Any CPU
		{994DBB6A-5AA8-47D0-BB2A-63470232C9AC}.Debug|x64.ActiveCfg = Debug|Any CPU
		{994DBB6A-5AA8-47D0-BB2A-63470232C9AC}.Debug|x64.Build.0 = Debug|Any CPU
		{994DBB6A-5AA8-47D0-BB2A-63470232C9AC}.Debug|x86.ActiveCfg = Debug|Any CPU
		{994DBB6A-5AA8-47D0-BB2A-63470232C9AC}.Debug|x86.Build.0 = Debug|Any CPU
		{994DBB6A-5AA8-47D0-BB2A-63470232C9AC}.Release|Any CPU.ActiveCfg = Release|Any CPU
		{994DBB6A-5AA8-47D0-BB2A-63470232C9AC}.Release|Any CPU.Build.0 = Release|Any CPU
		{994DBB6A-5AA8-47D0-BB2A-63470232C9AC}.Release|x64.ActiveCfg = Release|Any CPU
		{994DBB6A-5AA8-47D0-BB2A-63470232C9AC}.Release|x64.Build.0 = Release|Any CPU
		{994DBB6A-5AA8-47D0-BB2A-63470232C9AC}.Release|x86.ActiveCfg = Release|Any CPU
		{994DBB6A-5AA8-47D0-BB2A-63470232C9AC}.Release|x86.Build.0 = Release|Any CPU
		{FE05DFA6-7F98-4764-87BB-337F9909182B}.Debug|Any CPU.ActiveCfg = Debug|Any CPU
		{FE05DFA6-7F98-4764-87BB-337F9909182B}.Debug|Any CPU.Build.0 = Debug|Any CPU
		{FE05DFA6-7F98-4764-87BB-337F9909182B}.Debug|x64.ActiveCfg = Debug|Any CPU
		{FE05DFA6-7F98-4764-87BB-337F9909182B}.Debug|x64.Build.0 = Debug|Any CPU
		{FE05DFA6-7F98-4764-87BB-337F9909182B}.Debug|x86.ActiveCfg = Debug|Any CPU
		{FE05DFA6-7F98-4764-87BB-337F9909182B}.Debug|x86.Build.0 = Debug|Any CPU
		{FE05DFA6-7F98-4764-87BB-337F9909182B}.Release|Any CPU.ActiveCfg = Release|Any CPU
		{FE05DFA6-7F98-4764-87BB-337F9909182B}.Release|Any CPU.Build.0 = Release|Any CPU
		{FE05DFA6-7F98-4764-87BB-337F9909182B}.Release|x64.ActiveCfg = Release|Any CPU
		{FE05DFA6-7F98-4764-87BB-337F9909182B}.Release|x64.Build.0 = Release|Any CPU
		{FE05DFA6-7F98-4764-87BB-337F9909182B}.Release|x86.ActiveCfg = Release|Any CPU
		{FE05DFA6-7F98-4764-87BB-337F9909182B}.Release|x86.Build.0 = Release|Any CPU
		{17D3B227-BC29-4188-8F7E-05A01240E31B}.Debug|Any CPU.ActiveCfg = Debug|Any CPU
		{17D3B227-BC29-4188-8F7E-05A01240E31B}.Debug|Any CPU.Build.0 = Debug|Any CPU
		{17D3B227-BC29-4188-8F7E-05A01240E31B}.Debug|x64.ActiveCfg = Debug|Any CPU
		{17D3B227-BC29-4188-8F7E-05A01240E31B}.Debug|x64.Build.0 = Debug|Any CPU
		{17D3B227-BC29-4188-8F7E-05A01240E31B}.Debug|x86.ActiveCfg = Debug|Any CPU
		{17D3B227-BC29-4188-8F7E-05A01240E31B}.Debug|x86.Build.0 = Debug|Any CPU
		{17D3B227-BC29-4188-8F7E-05A01240E31B}.Release|Any CPU.ActiveCfg = Release|Any CPU
		{17D3B227-BC29-4188-8F7E-05A01240E31B}.Release|Any CPU.Build.0 = Release|Any CPU
		{17D3B227-BC29-4188-8F7E-05A01240E31B}.Release|x64.ActiveCfg = Release|Any CPU
		{17D3B227-BC29-4188-8F7E-05A01240E31B}.Release|x64.Build.0 = Release|Any CPU
		{17D3B227-BC29-4188-8F7E-05A01240E31B}.Release|x86.ActiveCfg = Release|Any CPU
		{17D3B227-BC29-4188-8F7E-05A01240E31B}.Release|x86.Build.0 = Release|Any CPU
		{0A8D8E58-1DF4-40F1-9975-17EDA7127032}.Debug|Any CPU.ActiveCfg = Debug|Any CPU
		{0A8D8E58-1DF4-40F1-9975-17EDA7127032}.Debug|Any CPU.Build.0 = Debug|Any CPU
		{0A8D8E58-1DF4-40F1-9975-17EDA7127032}.Debug|x64.ActiveCfg = Debug|Any CPU
		{0A8D8E58-1DF4-40F1-9975-17EDA7127032}.Debug|x64.Build.0 = Debug|Any CPU
		{0A8D8E58-1DF4-40F1-9975-17EDA7127032}.Debug|x86.ActiveCfg = Debug|Any CPU
		{0A8D8E58-1DF4-40F1-9975-17EDA7127032}.Debug|x86.Build.0 = Debug|Any CPU
		{0A8D8E58-1DF4-40F1-9975-17EDA7127032}.Release|Any CPU.ActiveCfg = Release|Any CPU
		{0A8D8E58-1DF4-40F1-9975-17EDA7127032}.Release|Any CPU.Build.0 = Release|Any CPU
		{0A8D8E58-1DF4-40F1-9975-17EDA7127032}.Release|x64.ActiveCfg = Release|Any CPU
		{0A8D8E58-1DF4-40F1-9975-17EDA7127032}.Release|x64.Build.0 = Release|Any CPU
		{0A8D8E58-1DF4-40F1-9975-17EDA7127032}.Release|x86.ActiveCfg = Release|Any CPU
		{0A8D8E58-1DF4-40F1-9975-17EDA7127032}.Release|x86.Build.0 = Release|Any CPU
		{C62A5100-1EDE-4667-B2BA-9730910B4F42}.Debug|Any CPU.ActiveCfg = Debug|Any CPU
		{C62A5100-1EDE-4667-B2BA-9730910B4F42}.Debug|Any CPU.Build.0 = Debug|Any CPU
		{C62A5100-1EDE-4667-B2BA-9730910B4F42}.Debug|x64.ActiveCfg = Debug|Any CPU
		{C62A5100-1EDE-4667-B2BA-9730910B4F42}.Debug|x64.Build.0 = Debug|Any CPU
		{C62A5100-1EDE-4667-B2BA-9730910B4F42}.Debug|x86.ActiveCfg = Debug|Any CPU
		{C62A5100-1EDE-4667-B2BA-9730910B4F42}.Debug|x86.Build.0 = Debug|Any CPU
		{C62A5100-1EDE-4667-B2BA-9730910B4F42}.Release|Any CPU.ActiveCfg = Release|Any CPU
		{C62A5100-1EDE-4667-B2BA-9730910B4F42}.Release|Any CPU.Build.0 = Release|Any CPU
		{C62A5100-1EDE-4667-B2BA-9730910B4F42}.Release|x64.ActiveCfg = Release|Any CPU
		{C62A5100-1EDE-4667-B2BA-9730910B4F42}.Release|x64.Build.0 = Release|Any CPU
		{C62A5100-1EDE-4667-B2BA-9730910B4F42}.Release|x86.ActiveCfg = Release|Any CPU
		{C62A5100-1EDE-4667-B2BA-9730910B4F42}.Release|x86.Build.0 = Release|Any CPU
		{E66DA385-4613-4016-945F-4597E0A093E2}.Debug|Any CPU.ActiveCfg = Debug|Any CPU
		{E66DA385-4613-4016-945F-4597E0A093E2}.Debug|Any CPU.Build.0 = Debug|Any CPU
		{E66DA385-4613-4016-945F-4597E0A093E2}.Debug|x64.ActiveCfg = Debug|Any CPU
		{E66DA385-4613-4016-945F-4597E0A093E2}.Debug|x64.Build.0 = Debug|Any CPU
		{E66DA385-4613-4016-945F-4597E0A093E2}.Debug|x86.ActiveCfg = Debug|Any CPU
		{E66DA385-4613-4016-945F-4597E0A093E2}.Debug|x86.Build.0 = Debug|Any CPU
		{E66DA385-4613-4016-945F-4597E0A093E2}.Release|Any CPU.ActiveCfg = Release|Any CPU
		{E66DA385-4613-4016-945F-4597E0A093E2}.Release|Any CPU.Build.0 = Release|Any CPU
		{E66DA385-4613-4016-945F-4597E0A093E2}.Release|x64.ActiveCfg = Release|Any CPU
		{E66DA385-4613-4016-945F-4597E0A093E2}.Release|x64.Build.0 = Release|Any CPU
		{E66DA385-4613-4016-945F-4597E0A093E2}.Release|x86.ActiveCfg = Release|Any CPU
		{E66DA385-4613-4016-945F-4597E0A093E2}.Release|x86.Build.0 = Release|Any CPU
		{470A043F-32DE-4BE8-B887-CA788E8FB7AD}.Debug|Any CPU.ActiveCfg = Debug|Any CPU
		{470A043F-32DE-4BE8-B887-CA788E8FB7AD}.Debug|Any CPU.Build.0 = Debug|Any CPU
		{470A043F-32DE-4BE8-B887-CA788E8FB7AD}.Debug|x64.ActiveCfg = Debug|Any CPU
		{470A043F-32DE-4BE8-B887-CA788E8FB7AD}.Debug|x64.Build.0 = Debug|Any CPU
		{470A043F-32DE-4BE8-B887-CA788E8FB7AD}.Debug|x86.ActiveCfg = Debug|Any CPU
		{470A043F-32DE-4BE8-B887-CA788E8FB7AD}.Debug|x86.Build.0 = Debug|Any CPU
		{470A043F-32DE-4BE8-B887-CA788E8FB7AD}.Release|Any CPU.ActiveCfg = Release|Any CPU
		{470A043F-32DE-4BE8-B887-CA788E8FB7AD}.Release|Any CPU.Build.0 = Release|Any CPU
		{470A043F-32DE-4BE8-B887-CA788E8FB7AD}.Release|x64.ActiveCfg = Release|Any CPU
		{470A043F-32DE-4BE8-B887-CA788E8FB7AD}.Release|x64.Build.0 = Release|Any CPU
		{470A043F-32DE-4BE8-B887-CA788E8FB7AD}.Release|x86.ActiveCfg = Release|Any CPU
		{470A043F-32DE-4BE8-B887-CA788E8FB7AD}.Release|x86.Build.0 = Release|Any CPU
		{A862A699-3F86-4543-8D0D-9699EAF0D1A8}.Debug|Any CPU.ActiveCfg = Debug|Any CPU
		{A862A699-3F86-4543-8D0D-9699EAF0D1A8}.Debug|Any CPU.Build.0 = Debug|Any CPU
		{A862A699-3F86-4543-8D0D-9699EAF0D1A8}.Debug|x64.ActiveCfg = Debug|Any CPU
		{A862A699-3F86-4543-8D0D-9699EAF0D1A8}.Debug|x64.Build.0 = Debug|Any CPU
		{A862A699-3F86-4543-8D0D-9699EAF0D1A8}.Debug|x86.ActiveCfg = Debug|Any CPU
		{A862A699-3F86-4543-8D0D-9699EAF0D1A8}.Debug|x86.Build.0 = Debug|Any CPU
		{A862A699-3F86-4543-8D0D-9699EAF0D1A8}.Release|Any CPU.ActiveCfg = Release|Any CPU
		{A862A699-3F86-4543-8D0D-9699EAF0D1A8}.Release|Any CPU.Build.0 = Release|Any CPU
		{A862A699-3F86-4543-8D0D-9699EAF0D1A8}.Release|x64.ActiveCfg = Release|Any CPU
		{A862A699-3F86-4543-8D0D-9699EAF0D1A8}.Release|x64.Build.0 = Release|Any CPU
		{A862A699-3F86-4543-8D0D-9699EAF0D1A8}.Release|x86.ActiveCfg = Release|Any CPU
		{A862A699-3F86-4543-8D0D-9699EAF0D1A8}.Release|x86.Build.0 = Release|Any CPU
	EndGlobalSection
	GlobalSection(SolutionProperties) = preSolution
		HideSolutionNode = FALSE
	EndGlobalSection
	GlobalSection(NestedProjects) = preSolution
		{984BB9B3-3FA3-BE33-9484-CAC21695A33C} = {827E0CD3-B72D-47B6-A68D-7590B98EB39B}
		{994DBB6A-5AA8-47D0-BB2A-63470232C9AC} = {984BB9B3-3FA3-BE33-9484-CAC21695A33C}
		{FE05DFA6-7F98-4764-87BB-337F9909182B} = {984BB9B3-3FA3-BE33-9484-CAC21695A33C}
		{17D3B227-BC29-4188-8F7E-05A01240E31B} = {984BB9B3-3FA3-BE33-9484-CAC21695A33C}
		{0A8D8E58-1DF4-40F1-9975-17EDA7127032} = {984BB9B3-3FA3-BE33-9484-CAC21695A33C}
		{C62A5100-1EDE-4667-B2BA-9730910B4F42} = {984BB9B3-3FA3-BE33-9484-CAC21695A33C}
		{E66DA385-4613-4016-945F-4597E0A093E2} = {984BB9B3-3FA3-BE33-9484-CAC21695A33C}
		{470A043F-32DE-4BE8-B887-CA788E8FB7AD} = {984BB9B3-3FA3-BE33-9484-CAC21695A33C}
		{A862A699-3F86-4543-8D0D-9699EAF0D1A8} = {984BB9B3-3FA3-BE33-9484-CAC21695A33C}
	EndGlobalSection
EndGlobal
